
Microsoft Visual Studio Solution File, Format Version 12.00
# Visual Studio Version 16
VisualStudioVersion = 16.0.35325.158
MinimumVisualStudioVersion = 10.0.40219.1
Project("{FAE04EC0-301F-11D3-BF4B-00C04F79EFBC}") = "ConsoleApp2", "ConsoleApp2.csproj", "{CE1B2630-998E-4048-ADA0-BBB23EF41AC5}"
EndProject
Global
	GlobalSection(SolutionConfigurationPlatforms) = preSolution
		Debug|Any CPU = Debug|Any CPU
		Release|Any CPU = Release|Any CPU
	EndGlobalSection
	GlobalSection(ProjectConfigurationPlatforms) = postSolution
		{CE1B2630-998E-4048-ADA0-BBB23EF41AC5}.Debug|Any CPU.ActiveCfg = Debug|Any CPU
		{CE1B2630-998E-4048-ADA0-BBB23EF41AC5}.Debug|Any CPU.Build.0 = Debug|Any CPU
		{CE1B2630-998E-4048-ADA0-BBB23EF41AC5}.Release|Any CPU.ActiveCfg = Release|Any CPU
		{CE1B2630-998E-4048-ADA0-BBB23EF41AC5}.Release|Any CPU.Build.0 = Release|Any CPU
	EndGlobalSection
	GlobalSection(SolutionProperties) = preSolution
		HideSolutionNode = FALSE
	EndGlobalSection
	GlobalSection(ExtensibilityGlobals) = postSolution
		SolutionGuid = {BD05F60C-F209-404C-8C60-714CB1ABD026}
	EndGlobalSection
EndGlobal
